{
  "name": "lx-rc",
  "version": "1.0.11",
  "lockfileVersion": 1,
  "requires": true,
  "dependencies": {
    "stylelintrc": {
      "version": "1.0.4",
      "resolved": "https://registry.npmjs.org/stylelintrc/-/stylelintrc-1.0.4.tgz",
      "integrity": "sha512-KspwLlK5QfjuiJFXJf2fVKqcUWI/afru9KCeOKy+SR8I4id8931wNFXK5G9RwZXEBHhFig6IytYRM/sphnSYUA=="
    },
    "vimrc": {
      "version": "1.0.2",
      "resolved": "https://registry.npmjs.org/vimrc/-/vimrc-1.0.2.tgz",
      "integrity": "sha1-eVrSTs191Yo11tL0rNpuxhdsDMQ="
    }
  }
}
